# This file is automatically @generated by Cargo.
# It is not intended for manual editing.
version = 4

[[package]]
name = "cargo-okf"
version = "0.2.3"
dependencies = [
 "okf",
]

[[package]]
name = "okf"
version = "0.2.3"
dependencies = [
 "okf-core",
 "okf-validator",
]

[[package]]
name = "okf-agent"
version = "0.0.0"

[[package]]
name = "okf-core"
version = "0.2.3"
dependencies = [
 "okf-validator",
]

[[package]]
name = "okf-derive"
version = "0.0.0"

[[package]]
name = "okf-macros"
version = "0.0.0"

[[package]]
name = "okf-sdk"
version = "0.0.0"

[[package]]
name = "okf-server"
version = "0.0.0"

[[package]]
name = "okf-validator"
version = "0.2.3"
dependencies = [
 "okf-core",
]

[[package]]
name = "okf-web"
version = "0.0.0"
